// !$*UTF8*$!
{
	archiveVersion = 1;
	classes = {
	};
	objectVersion = 46;
	objects = {

/* Begin PBXBuildFile section */
		DDEE4E1C1D785A2500FF044F /* AppDelegate.swift in Sources */ = {isa = PBXBuildFile; fileRef = DDEE4E1B1D785A2500FF044F /* AppDelegate.swift */; };
		DDEE4E1E1D785A2500FF044F /* ViewController.swift in Sources */ = {isa = PBXBuildFile; fileRef = DDEE4E1D1D785A2500FF044F /* ViewController.swift */; };
		DDEE4E211D785A2500FF044F /* Main.storyboard in Resources */ = {isa = PBXBuildFile; fileRef = DDEE4E1F1D785A2500FF044F /* Main.storyboard */; };
		DDEE4E231D785A2500FF044F /* Assets.xcassets in Resources */ = {isa = PBXBuildFile; fileRef = DDEE4E221D785A2500FF044F /* Assets.xcassets */; };
		DDEE4E261D785A2500FF044F /* LaunchScreen.storyboard in Resources */ = {isa = PBXBuildFile; fileRef = DDEE4E241D785A2500FF044F /* LaunchScreen.storyboard */; };
		DDEE4E311D785E6C00FF044F /* SWRevealViewController.m in Sources */ = {isa = PBXBuildFile; fileRef = DDEE4E301D785E6C00FF044F /* SWRevealViewController.m */; };
		DDEE4E331D78687E00FF044F /* backTableVC.swift in Sources */ = {isa = PBXBuildFile; fileRef = DDEE4E321D78687E00FF044F /* backTableVC.swift */; };
		DDEE4E351D786D4000FF044F /* TabBarController.swift in Sources */ = {isa = PBXBuildFile; fileRef = DDEE4E341D786D4000FF044F /* TabBarController.swift */; };
/* End PBXBuildFile section */

/* Begin PBXFileReference section */
		DDEE4E181D785A2500FF044F /* leftNavExample.app */ = {isa = PBXFileReference; explicitFileType = wrapper.application; includeInIndex = 0; path = leftNavExample.app; sourceTree = BUILT_PRODUCTS_DIR; };
		DDEE4E1B1D785A2500FF044F /* AppDelegate.swift */ = {isa = PBXFileReference; lastKnownFileType = sourcecode.swift; path = AppDelegate.swift; sourceTree = "<group>"; };
		DDEE4E1D1D785A2500FF044F /* ViewController.swift */ = {isa = PBXFileReference; lastKnownFileType = sourcecode.swift; path = ViewController.swift; sourceTree = "<group>"; };
		DDEE4E201D785A2500FF044F /* Base */ = {isa = PBXFileReference; lastKnownFileType = file.storyboard; name = Base; path = Base.lproj/Main.storyboard; sourceTree = "<group>"; };
		DDEE4E221D785A2500FF044F /* Assets.xcassets */ = {isa = PBXFileReference; lastKnownFileType = folder.assetcatalog; path = Assets.xcassets; sourceTree = "<group>"; };
		DDEE4E251D785A2500FF044F /* Base */ = {isa = PBXFileReference; lastKnownFileType = file.storyboard; name = Base; path = Base.lproj/LaunchScreen.storyboard; sourceTree = "<group>"; };
		DDEE4E271D785A2500FF044F /* Info.plist */ = {isa = PBXFileReference; lastKnownFileType = text.plist.xml; path = Info.plist; sourceTree = "<group>"; };
		DDEE4E2E1D785E6B00FF044F /* leftNavExample-Bridging-Header.h */ = {isa = PBXFileReference; lastKnownFileType = sourcecode.c.h; path = "leftNavExample-Bridging-Header.h"; sourceTree = "<group>"; };
		DDEE4E2F1D785E6C00FF044F /* SWRevealViewController.h */ = {isa = PBXFileReference; fileEncoding = 4; lastKnownFileType = sourcecode.c.h; path = SWRevealViewController.h; sourceTree = "<group>"; };
		DDEE4E301D785E6C00FF044F /* SWRevealViewController.m */ = {isa = PBXFileReference; fileEncoding = 4; lastKnownFileType = sourcecode.c.objc; path = SWRevealViewController.m; sourceTree = "<group>"; };
		DDEE4E321D78687E00FF044F /* backTableVC.swift */ = {isa = PBXFileReference; fileEncoding = 4; lastKnownFileType = sourcecode.swift; path = backTableVC.swift; sourceTree = "<group>"; };
		DDEE4E341D786D4000FF044F /* TabBarController.swift */ = {isa = PBXFileReference; fileEncoding = 4; lastKnownFileType = sourcecode.swift; path = TabBarController.swift; sourceTree = "<group>"; };
/* End PBXFileReference section */

/* Begin PBXFrameworksBuildPhase section */
		DDEE4E151D785A2500FF044F /* Frameworks */ = {
			isa = PBXFrameworksBuildPhase;
			buildActionMask = 2147483647;
			files = (
			);
			runOnlyForDeploymentPostprocessing = 0;
		};
/* End PBXFrameworksBuildPhase section */

/* Begin PBXGroup section */
		DDEE4E0F1D785A2500FF044F = {
			isa = PBXGroup;
			children = (
				DDEE4E1A1D785A2500FF044F /* leftNavExample */,
				DDEE4E191D785A2500FF044F /* Products */,
			);
			sourceTree = "<group>";
		};
		DDEE4E191D785A2500FF044F /* Products */ = {
			isa = PBXGroup;
			children = (
				DDEE4E181D785A2500FF044F /* leftNavExample.app */,
			);
			name = Products;
			sourceTree = "<group>";
		};
		DDEE4E1A1D785A2500FF044F /* leftNavExample */ = {
			isa = PBXGroup;
			children = (
				DDEE4E2D1D785E5000FF044F /* Supporting Files */,
				DDEE4E1B1D785A2500FF044F /* AppDelegate.swift */,
				DDEE4E2F1D785E6C00FF044F /* SWRevealViewController.h */,
				DDEE4E301D785E6C00FF044F /* SWRevealViewController.m */,
				DDEE4E2E1D785E6B00FF044F /* leftNavExample-Bridging-Header.h */,
				DDEE4E1D1D785A2500FF044F /* ViewController.swift */,
				DDEE4E1F1D785A2500FF044F /* Main.storyboard */,
				DDEE4E221D785A2500FF044F /* Assets.xcassets */,
				DDEE4E241D785A2500FF044F /* LaunchScreen.storyboard */,
				DDEE4E271D785A2500FF044F /* Info.plist */,
				DDEE4E321D78687E00FF044F /* backTableVC.swift */,
				DDEE4E341D786D4000FF044F /* TabBarController.swift */,
			);
			path = leftNavExample;
			sourceTree = "<group>";
		};
		DDEE4E2D1D785E5000FF044F /* Supporting Files */ = {
			isa = PBXGroup;
			children = (
			);
			name = "Supporting Files";
			sourceTree = "<group>";
		};
/* End PBXGroup section */

/* Begin PBXNativeTarget section */
		DDEE4E171D785A2500FF044F /* leftNavExample */ = {
			isa = PBXNativeTarget;
			buildConfigurationList = DDEE4E2A1D785A2500FF044F /* Build configuration list for PBXNativeTarget "leftNavExample" */;
			buildPhases = (
				DDEE4E141D785A2500FF044F /* Sources */,
				DDEE4E151D785A2500FF044F /* Frameworks */,
				DDEE4E161D785A2500FF044F /* Resources */,
			);
			buildRules = (
			);
			dependencies = (
			);
			name = leftNavExample;
			productName = leftNavExample;
			productReference = DDEE4E181D785A2500FF044F /* leftNavExample.app */;
			productType = "com.apple.product-type.application";
		};
/* End PBXNativeTarget section */

/* Begin PBXProject section */
		DDEE4E101D785A2500FF044F /* Project object */ = {
			isa = PBXProject;
			attributes = {
				LastSwiftUpdateCheck = 0730;
				LastUpgradeCheck = 0730;
				ORGANIZATIONNAME = laura.test.com;
				TargetAttributes = {
					DDEE4E171D785A2500FF044F = {
						CreatedOnToolsVersion = 7.3;
					};
				};
			};
			buildConfigurationList = DDEE4E131D785A2500FF044F /* Build configuration list for PBXProject "leftNavExample" */;
			compatibilityVersion = "Xcode 3.2";
			developmentRegion = English;
			hasScannedForEncodings = 0;
			knownRegions = (
				en,
				Base,
			);
			mainGroup = DDEE4E0F1D785A2500FF044F;
			productRefGroup = DDEE4E191D785A2500FF044F /* Products */;
			projectDirPath = "";
			projectRoot = "";
			targets = (
				DDEE4E171D785A2500FF044F /* leftNavExample */,
			);
		};
/* End PBXProject section */

/* Begin PBXResourcesBuildPhase section */
		DDEE4E161D785A2500FF044F /* Resources */ = {
			isa = PBXResourcesBuildPhase;
			buildActionMask = 2147483647;
			files = (
				DDEE4E261D785A2500FF044F /* LaunchScreen.storyboard in Resources */,
				DDEE4E231D785A2500FF044F /* Assets.xcassets in Resources */,
				DDEE4E211D785A2500FF044F /* Main.storyboard in Resources */,
			);
			runOnlyForDeploymentPostprocessing = 0;
		};
/* End PBXResourcesBuildPhase section */

/* Begin PBXSourcesBuildPhase section */
		DDEE4E141D785A2500FF044F /* Sources */ = {
			isa = PBXSourcesBuildPhase;
			buildActionMask = 2147483647;
			files = (
				DDEE4E1E1D785A2500FF044F /* ViewController.swift in Sources */,
				DDEE4E1C1D785A2500FF044F /* AppDelegate.swift in Sources */,
				DDEE4E331D78687E00FF044F /* backTableVC.swift in Sources */,
				DDEE4E351D786D4000FF044F /* TabBarController.swift in Sources */,
				DDEE4E311D785E6C00FF044F /* SWRevealViewController.m in Sources */,
			);
			runOnlyForDeploymentPostprocessing = 0;
		};
/* End PBXSourcesBuildPhase section */

/* Begin PBXVariantGroup section */
		DDEE4E1F1D785A2500FF044F /* Main.storyboard */ = {
			isa = PBXVariantGroup;
			children = (
				DDEE4E201D785A2500FF044F /* Base */,
			);
			name = Main.storyboard;
			sourceTree = "<group>";
		};
		DDEE4E241D785A2500FF044F /* LaunchScreen.storyboard */ = {
			isa = PBXVariantGroup;
			children = (
				DDEE4E251D785A2500FF044F /* Base */,
			);
			name = LaunchScreen.storyboard;
			sourceTree = "<group>";
		};
/* End PBXVariantGroup section */

/* Begin XCBuildConfiguration section */
		DDEE4E281D785A2500FF044F /* Debug */ = {
			isa = XCBuildConfiguration;
			buildSettings = {
				ALWAYS_SEARCH_USER_PATHS = NO;
				CLANG_ANALYZER_NONNULL = YES;
				CLANG_CXX_LANGUAGE_STANDARD = "gnu++0x";
				CLANG_CXX_LIBRARY = "libc++";
				CLANG_ENABLE_MODULES = YES;
				CLANG_ENABLE_OBJC_ARC = YES;
				CLANG_WARN_BOOL_CONVERSION = YES;
				CLANG_WARN_CONSTANT_CONVERSION = YES;
				CLANG_WARN_DIRECT_OBJC_ISA_USAGE = YES_ERROR;
				CLANG_WARN_EMPTY_BODY = YES;
				CLANG_WARN_ENUM_CONVERSION = YES;
				CLANG_WARN_INT_CONVERSION = YES;
				CLANG_WARN_OBJC_ROOT_CLASS = YES_ERROR;
				CLANG_WARN_UNREACHABLE_CODE = YES;
				CLANG_WARN__DUPLICATE_METHOD_MATCH = YES;
				"CODE_SIGN_IDENTITY[sdk=iphoneos*]" = "iPhone Developer";
				COPY_PHASE_STRIP = NO;
				DEBUG_INFORMATION_FORMAT = dwarf;
				ENABLE_STRICT_OBJC_MSGSEND = YES;
				ENABLE_TESTABILITY = YES;
				GCC_C_LANGUAGE_STANDARD = gnu99;
				GCC_DYNAMIC_NO_PIC = NO;
				GCC_NO_COMMON_BLOCKS = YES;
				GCC_OPTIMIZATION_LEVEL = 0;
				GCC_PREPROCESSOR_DEFINITIONS = (
					"DEBUG=1",
					"$(inherited)",
				);
				GCC_WARN_64_TO_32_BIT_CONVERSION = YES;
				GCC_WARN_ABOUT_RETURN_TYPE = YES_ERROR;
				GCC_WARN_UNDECLARED_SELECTOR = YES;
				GCC_WARN_UNINITIALIZED_AUTOS = YES_AGGRESSIVE;
				GCC_WARN_UNUSED_FUNCTION = YES;
				GCC_WARN_UNUSED_VARIABLE = YES;
				IPHONEOS_DEPLOYMENT_TARGET = 9.3;
				MTL_ENABLE_DEBUG_INFO = YES;
				ONLY_ACTIVE_ARCH = YES;
				SDKROOT = iphoneos;
				SWIFT_OPTIMIZATION_LEVEL = "-Onone";
				TARGETED_DEVICE_FAMILY = "1,2";
			};
			name = Debug;
		};
		DDEE4E291D785A2500FF044F /* Release */ = {
			isa = XCBuildConfiguration;
			buildSettings = {
				ALWAYS_SEARCH_USER_PATHS = NO;
				CLANG_ANALYZER_NONNULL = YES;
				CLANG_CXX_LANGUAGE_STANDARD = "gnu++0x";
				CLANG_CXX_LIBRARY = "libc++";
				CLANG_ENABLE_MODULES = YES;
				CLANG_ENABLE_OBJC_ARC = YES;
				CLANG_WARN_BOOL_CONVERSION = YES;
				CLANG_WARN_CONSTANT_CONVERSION = YES;
				CLANG_WARN_DIRECT_OBJC_ISA_USAGE = YES_ERROR;
				CLANG_WARN_EMPTY_BODY = YES;
				CLANG_WARN_ENUM_CONVERSION = YES;
				CLANG_WARN_INT_CONVERSION = YES;
				CLANG_WARN_OBJC_ROOT_CLASS = YES_ERROR;
				CLANG_WARN_UNREACHABLE_CODE = YES;
				CLANG_WARN__DUPLICATE_METHOD_MATCH = YES;
				"CODE_SIGN_IDENTITY[sdk=iphoneos*]" = "iPhone Developer";
				COPY_PHASE_STRIP = NO;
				DEBUG_INFORMATION_FORMAT = "dwarf-with-dsym";
				ENABLE_NS_ASSERTIONS = NO;
				ENABLE_STRICT_OBJC_MSGSEND = YES;
				GCC_C_LANGUAGE_STANDARD = gnu99;
				GCC_NO_COMMON_BLOCKS = YES;
				GCC_WARN_64_TO_32_BIT_CONVERSION = YES;
				GCC_WARN_ABOUT_RETURN_TYPE = YES_ERROR;
				GCC_WARN_UNDECLARED_SELECTOR = YES;
				GCC_WARN_UNINITIALIZED_AUTOS = YES_AGGRESSIVE;
				GCC_WARN_UNUSED_FUNCTION = YES;
				GCC_WARN_UNUSED_VARIABLE = YES;
				IPHONEOS_DEPLOYMENT_TARGET = 9.3;
				MTL_ENABLE_DEBUG_INFO = NO;
				SDKROOT = iphoneos;
				TARGETED_DEVICE_FAMILY = "1,2";
				VALIDATE_PRODUCT = YES;
			};
			name = Release;
		};
		DDEE4E2B1D785A2500FF044F /* Debug */ = {
			isa = XCBuildConfiguration;
			buildSettings = {
				ASSETCATALOG_COMPILER_APPICON_NAME = AppIcon;
				CLANG_ENABLE_MODULES = YES;
				INFOPLIST_FILE = leftNavExample/Info.plist;
				LD_RUNPATH_SEARCH_PATHS = "$(inherited) @executable_path/Frameworks";
				PRODUCT_BUNDLE_IDENTIFIER = laura.test.leftNavExample.leftNavExample;
				PRODUCT_NAME = "$(TARGET_NAME)";
				SWIFT_OBJC_BRIDGING_HEADER = "leftNavExample/leftNavExample-Bridging-Header.h";
				SWIFT_OPTIMIZATION_LEVEL = "-Onone";
			};
			name = Debug;
		};
		DDEE4E2C1D785A2500FF044F /* Release */ = {
			isa = XCBuildConfiguration;
			buildSettings = {
				ASSETCATALOG_COMPILER_APPICON_NAME = AppIcon;
				CLANG_ENABLE_MODULES = YES;
				INFOPLIST_FILE = leftNavExample/Info.plist;
				LD_RUNPATH_SEARCH_PATHS = "$(inherited) @executable_path/Frameworks";
				PRODUCT_BUNDLE_IDENTIFIER = laura.test.leftNavExample.leftNavExample;
				PRODUCT_NAME = "$(TARGET_NAME)";
				SWIFT_OBJC_BRIDGING_HEADER = "leftNavExample/leftNavExample-Bridging-Header.h";
			};
			name = Release;
		};
/* End XCBuildConfiguration section */

/* Begin XCConfigurationList section */
		DDEE4E131D785A2500FF044F /* Build configuration list for PBXProject "leftNavExample" */ = {
			isa = XCConfigurationList;
			buildConfigurations = (
				DDEE4E281D785A2500FF044F /* Debug */,
				DDEE4E291D785A2500FF044F /* Release */,
			);
			defaultConfigurationIsVisible = 0;
			defaultConfigurationName = Release;
		};
		DDEE4E2A1D785A2500FF044F /* Build configuration list for PBXNativeTarget "leftNavExample" */ = {
			isa = XCConfigurationList;
			buildConfigurations = (
				DDEE4E2B1D785A2500FF044F /* Debug */,
				DDEE4E2C1D785A2500FF044F /* Release */,
			);
			defaultConfigurationIsVisible = 0;
		};
/* End XCConfigurationList section */
	};
	rootObject = DDEE4E101D785A2500FF044F /* Project object */;
}
